
Microsoft Visual Studio Solution File, Format Version 12.00
# Visual Studio Version 16
VisualStudioVersion = 16.0.31205.134
MinimumVisualStudioVersion = 10.0.40219.1
Project("{FAE04EC0-301F-11D3-BF4B-00C04F79EFBC}") = "EXERCISE 01 - HERITAGE", "EXERCISE 01 - HERITAGE\EXERCISE 01 - HERITAGE.csproj", "{D5336064-4533-4F0C-88BD-2BAD6C395362}"
EndProject
Global
	GlobalSection(SolutionConfigurationPlatforms) = preSolution
		Debug|Any CPU = Debug|Any CPU
		Release|Any CPU = Release|Any CPU
	EndGlobalSection
	GlobalSection(ProjectConfigurationPlatforms) = postSolution
		{D5336064-4533-4F0C-88BD-2BAD6C395362}.Debug|Any CPU.ActiveCfg = Debug|Any CPU
		{D5336064-4533-4F0C-88BD-2BAD6C395362}.Debug|Any CPU.Build.0 = Debug|Any CPU
		{D5336064-4533-4F0C-88BD-2BAD6C395362}.Release|Any CPU.ActiveCfg = Release|Any CPU
		{D5336064-4533-4F0C-88BD-2BAD6C395362}.Release|Any CPU.Build.0 = Release|Any CPU
	EndGlobalSection
	GlobalSection(SolutionProperties) = preSolution
		HideSolutionNode = FALSE
	EndGlobalSection
	GlobalSection(ExtensibilityGlobals) = postSolution
		SolutionGuid = {1B4DC3AB-B7D9-484C-A67C-A1AE891B620C}
	EndGlobalSection
EndGlobal
